{
  "name": "Teleoscope",
  "lockfileVersion": 2,
  "requires": true,
  "packages": {
    "": {
      "dependencies": {
        "react-redux": "^8.0.2"
      }
    },
    "node_modules/@babel/runtime": {
      "version": "7.19.0",
      "license": "MIT",
      "dependencies": {
        "regenerator-runtime": "^0.13.4"
      },
      "engines": {
        "node": ">=6.9.0"
      }
    },
    "node_modules/@types/hoist-non-react-statics": {
      "version": "3.3.1",
      "license": "MIT",
      "dependencies": {
        "@types/react": "*",
        "hoist-non-react-statics": "^3.3.0"
      }
    },
    "node_modules/@types/prop-types": {
      "version": "15.7.5",
      "license": "MIT"
    },
    "node_modules/@types/react": {
      "version": "18.0.21",
      "license": "MIT",
      "dependencies": {
        "@types/prop-types": "*",
        "@types/scheduler": "*",
        "csstype": "^3.0.2"
      }
    },
    "node_modules/@types/scheduler": {
      "version": "0.16.2",
      "license": "MIT"
    },
    "node_modules/@types/use-sync-external-store": {
      "version": "0.0.3",
      "license": "MIT"
    },
    "node_modules/csstype": {
      "version": "3.1.1",
      "license": "MIT"
    },
    "node_modules/hoist-non-react-statics": {
      "version": "3.3.2",
      "license": "BSD-3-Clause",
      "dependencies": {
        "react-is": "^16.7.0"
      }
    },
    "node_modules/hoist-non-react-statics/node_modules/react-is": {
      "version": "16.13.1",
      "license": "MIT"
    },
    "node_modules/js-tokens": {
      "version": "4.0.0",
      "license": "MIT",
      "peer": true
    },
    "node_modules/loose-envify": {
      "version": "1.4.0",
      "license": "MIT",
      "peer": true,
      "dependencies": {
        "js-tokens": "^3.0.0 || ^4.0.0"
      },
      "bin": {
        "loose-envify": "cli.js"
      }
    },
    "node_modules/react": {
      "version": "18.2.0",
      "license": "MIT",
      "peer": true,
      "dependencies": {
        "loose-envify": "^1.1.0"
      },
      "engines": {
        "node": ">=0.10.0"
      }
    },
    "node_modules/react-is": {
      "version": "18.2.0",
      "license": "MIT"
    },
    "node_modules/react-redux": {
      "version": "8.0.2",
      "license": "MIT",
      "dependencies": {
        "@babel/runtime": "^7.12.1",
        "@types/hoist-non-react-statics": "^3.3.1",
        "@types/use-sync-external-store": "^0.0.3",
        "hoist-non-react-statics": "^3.3.2",
        "react-is": "^18.0.0",
        "use-sync-external-store": "^1.0.0"
      },
      "peerDependencies": {
        "@types/react": "^16.8 || ^17.0 || ^18.0",
        "@types/react-dom": "^16.8 || ^17.0 || ^18.0",
        "react": "^16.8 || ^17.0 || ^18.0",
        "react-dom": "^16.8 || ^17.0 || ^18.0",
        "react-native": ">=0.59",
        "redux": "^4"
      },
      "peerDependenciesMeta": {
        "@types/react": {
          "optional": true
        },
        "@types/react-dom": {
          "optional": true
        },
        "react-dom": {
          "optional": true
        },
        "react-native": {
          "optional": true
        },
        "redux": {
          "optional": true
        }
      }
    },
    "node_modules/regenerator-runtime": {
      "version": "0.13.9",
      "license": "MIT"
    },
    "node_modules/use-sync-external-store": {
      "version": "1.2.0",
      "license": "MIT",
      "peerDependencies": {
        "react": "^16.8.0 || ^17.0.0 || ^18.0.0"
      }
    }
  },
  "dependencies": {
    "@babel/runtime": {
      "version": "7.19.0",
      "requires": {
        "regenerator-runtime": "^0.13.4"
      }
    },
    "@types/hoist-non-react-statics": {
      "version": "3.3.1",
      "requires": {
        "@types/react": "*",
        "hoist-non-react-statics": "^3.3.0"
      }
    },
    "@types/prop-types": {
      "version": "15.7.5"
    },
    "@types/react": {
      "version": "18.0.21",
      "requires": {
        "@types/prop-types": "*",
        "@types/scheduler": "*",
        "csstype": "^3.0.2"
      }
    },
    "@types/scheduler": {
      "version": "0.16.2"
    },
    "@types/use-sync-external-store": {
      "version": "0.0.3"
    },
    "csstype": {
      "version": "3.1.1"
    },
    "hoist-non-react-statics": {
      "version": "3.3.2",
      "requires": {
        "react-is": "^16.7.0"
      },
    "js-tokens": {
      "version": "4.0.0",
      "peer": true
    },
    "loose-envify": {
      "version": "1.4.0",
      "peer": true,
      "requires": {
        "js-tokens": "^3.0.0 || ^4.0.0"
      }
    },
    "react": {
      "version": "18.2.0",
      "peer": true,
      "requires": {
        "loose-envify": "^1.1.0"
      }
    },
    "react-is": {
      "version": "18.2.0"
    },
    "react-redux": {
      "version": "8.0.2",
      "requires": {
        "@babel/runtime": "^7.12.1",
        "@types/hoist-non-react-statics": "^3.3.1",
        "@types/use-sync-external-store": "^0.0.3",
        "hoist-non-react-statics": "^3.3.2",
        "react-is": "^18.0.0",
        "use-sync-external-store": "^1.0.0"
      }
    },
    "regenerator-runtime": {
      "version": "0.13.9"
    },
    "use-sync-external-store": {
      "version": "1.2.0",
      "requires": {}
      "devDependencies": {
        "@types/node": "^18.8.3"
      }
    },
    "node_modules/@types/node": {
      "version": "18.8.3",
      "resolved": "https://registry.npmjs.org/@types/node/-/node-18.8.3.tgz",
      "integrity": "sha512-0os9vz6BpGwxGe9LOhgP/ncvYN5Tx1fNcd2TM3rD/aCGBkysb+ZWpXEocG24h6ZzOi13+VB8HndAQFezsSOw1w==",
      "dev": true
    }
  },
  "dependencies": {
    "@types/node": {
      "version": "18.8.3",
      "resolved": "https://registry.npmjs.org/@types/node/-/node-18.8.3.tgz",
      "integrity": "sha512-0os9vz6BpGwxGe9LOhgP/ncvYN5Tx1fNcd2TM3rD/aCGBkysb+ZWpXEocG24h6ZzOi13+VB8HndAQFezsSOw1w==",
      "dev": true
      "react-is": {
        "version": "16.13.1"
      }
    }
  }
}
