# This file is generated by running "yarn install" inside your project.
# Manual changes might be lost - proceed with caution!

__metadata:
  version: 6
  cacheKey: 8

"Teleoscope@workspace:.":
  version: 0.0.0-use.local
  resolution: "Teleoscope@workspace:."
  dependencies:
    dotenv: ^16.4.5
  languageName: unknown
  linkType: soft

"dotenv@npm:^16.4.5":
  version: 16.4.5
  resolution: "dotenv@npm:16.4.5"
  checksum: 301a12c3d44fd49888b74eb9ccf9f07a1f5df43f489e7fcb89647a2edcd84c42d6bc349dc8df099cd18f07c35c7b04685c1a4f3e6a6a9e6b30f8d48c15b7f49c
  languageName: node
  linkType: hard
