# This file is generated by running "yarn install" inside your project.
# Manual changes might be lost - proceed with caution!

__metadata:
  version: 6
  cacheKey: 8

"@babel/runtime@npm:^7.5.5, @babel/runtime@npm:^7.8.7":
  version: 7.24.0
  resolution: "@babel/runtime@npm:7.24.0"
  dependencies:
    regenerator-runtime: ^0.14.0
  checksum: 7a6a5d40fbdd68491ec183ba2e631c07415119960083b4fd76564cce3751e9acd2f12ab89575e38496fa389fa06d458732776e69ee1858e366cc3fbdb049f847
  languageName: node
  linkType: hard

"@types/prop-types@npm:*":
  version: 15.7.11
  resolution: "@types/prop-types@npm:15.7.11"
  checksum: 7519ff11d06fbf6b275029fe03fff9ec377b4cb6e864cac34d87d7146c7f5a7560fd164bdc1d2dbe00b60c43713631251af1fd3d34d46c69cd354602bc0c7c54
  languageName: node
  linkType: hard

"@types/react-transition-group@npm:^4.4.1":
  version: 4.4.10
  resolution: "@types/react-transition-group@npm:4.4.10"
  dependencies:
    "@types/react": "*"
  checksum: fe2ea11f70251e9f79f368e198c18fd469b1d4f1e1d44e4365845b44e15974b0ec925100036f449b023b0ca3480a82725c5f0a73040e282ad32ec7b0def9b57c
  languageName: node
  linkType: hard

"@types/react@npm:*":
  version: 18.2.63
  resolution: "@types/react@npm:18.2.63"
  dependencies:
    "@types/prop-types": "*"
    "@types/scheduler": "*"
    csstype: ^3.0.2
  checksum: f3d496b9e3c40fe984aa2f22e0f3776a4f0be223f436ad3a2b79fed4b496ba1549999083408c2c975e5c8b029bfc9e8a2924788325e00de205cf70a10ef772d0
  languageName: node
  linkType: hard

"@types/scheduler@npm:*":
  version: 0.16.8
  resolution: "@types/scheduler@npm:0.16.8"
  checksum: 6c091b096daa490093bf30dd7947cd28e5b2cd612ec93448432b33f724b162587fed9309a0acc104d97b69b1d49a0f3fc755a62282054d62975d53d7fd13472d
  languageName: node
  linkType: hard

"Teleoscope@workspace:.":
  version: 0.0.0-use.local
  resolution: "Teleoscope@workspace:."
  dependencies:
    dotenv: ^16.4.5
    primereact: ^10.5.1
  languageName: unknown
  linkType: soft

"csstype@npm:^3.0.2":
  version: 3.1.3
  resolution: "csstype@npm:3.1.3"
  checksum: 8db785cc92d259102725b3c694ec0c823f5619a84741b5c7991b8ad135dfaa66093038a1cc63e03361a6cd28d122be48f2106ae72334e067dd619a51f49eddf7
  languageName: node
  linkType: hard

"dom-helpers@npm:^5.0.1":
  version: 5.2.1
  resolution: "dom-helpers@npm:5.2.1"
  dependencies:
    "@babel/runtime": ^7.8.7
    csstype: ^3.0.2
  checksum: 863ba9e086f7093df3376b43e74ce4422571d404fc9828bf2c56140963d5edf0e56160f9b2f3bb61b282c07f8fc8134f023c98fd684bddcb12daf7b0f14d951c
  languageName: node
  linkType: hard

"dotenv@npm:^16.4.5":
  version: 16.4.5
  resolution: "dotenv@npm:16.4.5"
  checksum: 301a12c3d44fd49888b74eb9ccf9f07a1f5df43f489e7fcb89647a2edcd84c42d6bc349dc8df099cd18f07c35c7b04685c1a4f3e6a6a9e6b30f8d48c15b7f49c
  languageName: node
  linkType: hard

"js-tokens@npm:^3.0.0 || ^4.0.0":
  version: 4.0.0
  resolution: "js-tokens@npm:4.0.0"
  checksum: 8a95213a5a77deb6cbe94d86340e8d9ace2b93bc367790b260101d2f36a2eaf4e4e22d9fa9cf459b38af3a32fb4190e638024cf82ec95ef708680e405ea7cc78
  languageName: node
  linkType: hard

"loose-envify@npm:^1.4.0":
  version: 1.4.0
  resolution: "loose-envify@npm:1.4.0"
  dependencies:
    js-tokens: ^3.0.0 || ^4.0.0
  bin:
    loose-envify: cli.js
  checksum: 6517e24e0cad87ec9888f500c5b5947032cdfe6ef65e1c1936a0c48a524b81e65542c9c3edc91c97d5bddc806ee2a985dbc79be89215d613b1de5db6d1cfe6f4
  languageName: node
  linkType: hard

"object-assign@npm:^4.1.1":
  version: 4.1.1
  resolution: "object-assign@npm:4.1.1"
  checksum: fcc6e4ea8c7fe48abfbb552578b1c53e0d194086e2e6bbbf59e0a536381a292f39943c6e9628af05b5528aa5e3318bb30d6b2e53cadaf5b8fe9e12c4b69af23f
  languageName: node
  linkType: hard

"primereact@npm:^10.5.1":
  version: 10.5.1
  resolution: "primereact@npm:10.5.1"
  dependencies:
    "@types/react-transition-group": ^4.4.1
    react-transition-group: ^4.4.1
  peerDependencies:
    "@types/react": ^17.0.0 || ^18.0.0
    react: ^17.0.0 || ^18.0.0
    react-dom: ^17.0.0 || ^18.0.0
  peerDependenciesMeta:
    "@types/react":
      optional: true
  checksum: aecc95f993f9eaef5c45a7dec25ba4733be681ac301453ae6c3ba3b4ccfe4e415fc4580b151f5a8fe454b5b52f99e073d90431b23094e6f031cf00221eee72c1
  languageName: node
  linkType: hard

"prop-types@npm:^15.6.2":
  version: 15.8.1
  resolution: "prop-types@npm:15.8.1"
  dependencies:
    loose-envify: ^1.4.0
    object-assign: ^4.1.1
    react-is: ^16.13.1
  checksum: c056d3f1c057cb7ff8344c645450e14f088a915d078dcda795041765047fa080d38e5d626560ccaac94a4e16e3aa15f3557c1a9a8d1174530955e992c675e459
  languageName: node
  linkType: hard

"react-is@npm:^16.13.1":
  version: 16.13.1
  resolution: "react-is@npm:16.13.1"
  checksum: f7a19ac3496de32ca9ae12aa030f00f14a3d45374f1ceca0af707c831b2a6098ef0d6bdae51bd437b0a306d7f01d4677fcc8de7c0d331eb47ad0f46130e53c5f
  languageName: node
  linkType: hard

"react-transition-group@npm:^4.4.1":
  version: 4.4.5
  resolution: "react-transition-group@npm:4.4.5"
  dependencies:
    "@babel/runtime": ^7.5.5
    dom-helpers: ^5.0.1
    loose-envify: ^1.4.0
    prop-types: ^15.6.2
  peerDependencies:
    react: ">=16.6.0"
    react-dom: ">=16.6.0"
  checksum: 75602840106aa9c6545149d6d7ae1502fb7b7abadcce70a6954c4b64a438ff1cd16fc77a0a1e5197cdd72da398f39eb929ea06f9005c45b132ed34e056ebdeb1
  languageName: node
  linkType: hard

"regenerator-runtime@npm:^0.14.0":
  version: 0.14.1
  resolution: "regenerator-runtime@npm:0.14.1"
  checksum: 9f57c93277b5585d3c83b0cf76be47b473ae8c6d9142a46ce8b0291a04bb2cf902059f0f8445dcabb3fb7378e5fe4bb4ea1e008876343d42e46d3b484534ce38
  languageName: node
  linkType: hard
