{
  "name": "backend",
  "lockfileVersion": 2,
  "requires": true,
  "packages": {
    "": {
      "dependencies": {
        "celery": "^0.0.0"
      }
    },
    "node_modules/celery": {
      "version": "0.0.0",
      "resolved": "https://registry.npmjs.org/celery/-/celery-0.0.0.tgz",
      "integrity": "sha512-w1hvELkH7UON136uCtUvHHhp8ka+/LlJY8MJ65Ia6pbZub0nTFzYoEbO8aXBROJq0lMRBKoqP5/nPnBB6BDMhA=="
    }
  },
  "dependencies": {
    "celery": {
      "version": "0.0.0",
      "resolved": "https://registry.npmjs.org/celery/-/celery-0.0.0.tgz",
      "integrity": "sha512-w1hvELkH7UON136uCtUvHHhp8ka+/LlJY8MJ65Ia6pbZub0nTFzYoEbO8aXBROJq0lMRBKoqP5/nPnBB6BDMhA=="
    }
  }
}
